
Microsoft Visual Studio Solution File, Format Version 12.00
# Visual Studio Version 16
VisualStudioVersion = 16.0.30907.101
MinimumVisualStudioVersion = 10.0.40219.1
Project("{888888A0-9F3D-457C-B088-3A5042F75D52}") = "SimpleStatistics", "SimpleStatistics\SimpleStatistics.pyproj", "{38CA2D62-4B33-4DE7-95DC-EA2E0F338D07}"
EndProject
Global
	GlobalSection(SolutionConfigurationPlatforms) = preSolution
		Debug|Any CPU = Debug|Any CPU
		Release|Any CPU = Release|Any CPU
	EndGlobalSection
	GlobalSection(ProjectConfigurationPlatforms) = postSolution
		{38CA2D62-4B33-4DE7-95DC-EA2E0F338D07}.Debug|Any CPU.ActiveCfg = Debug|Any CPU
		{38CA2D62-4B33-4DE7-95DC-EA2E0F338D07}.Release|Any CPU.ActiveCfg = Release|Any CPU
	EndGlobalSection
	GlobalSection(SolutionProperties) = preSolution
		HideSolutionNode = FALSE
	EndGlobalSection
	GlobalSection(ExtensibilityGlobals) = postSolution
		SolutionGuid = {2E4791B9-9A20-467C-B78E-981CB93C326E}
	EndGlobalSection
EndGlobal
